// !$*UTF8*$!
{
	archiveVersion = 1;
	classes = {
	};
	objectVersion = 77;
	objects = {

/* Begin PBXBuildFile section */
		E84184D12FE9D036003C48DD /* WidgetKit.framework in Frameworks */ = {isa = PBXBuildFile; fileRef = E84184D02FE9D036003C48DD /* WidgetKit.framework */; };
		E84184D32FE9D036003C48DD /* SwiftUI.framework in Frameworks */ = {isa = PBXBuildFile; fileRef = E84184D22FE9D036003C48DD /* SwiftUI.framework */; };
		E84184E22FE9D037003C48DD /* RuntronomeWidgetExtension.appex in Embed Foundation Extensions */ = {isa = PBXBuildFile; fileRef = E84184CE2FE9D036003C48DD /* RuntronomeWidgetExtension.appex */; settings = {ATTRIBUTES = (RemoveHeadersOnCopy, ); }; };
/* End PBXBuildFile section */

/* Begin PBXContainerItemProxy section */
		E84184982FE7499C003C48DD /* PBXContainerItemProxy */ = {
			isa = PBXContainerItemProxy;
			containerPortal = E84184822FE74998003C48DD /* Project object */;
			proxyType = 1;
			remoteGlobalIDString = E84184892FE74998003C48DD;
			remoteInfo = Runtronome;
		};
		E84184A22FE7499C003C48DD /* PBXContainerItemProxy */ = {
			isa = PBXContainerItemProxy;
			containerPortal = E84184822FE74998003C48DD /* Project object */;
			proxyType = 1;
			remoteGlobalIDString = E84184892FE74998003C48DD;
			remoteInfo = Runtronome;
		};
		E84184E02FE9D037003C48DD /* PBXContainerItemProxy */ = {
			isa = PBXContainerItemProxy;
			containerPortal = E84184822FE74998003C48DD /* Project object */;
			proxyType = 1;
			remoteGlobalIDString = E84184CD2FE9D036003C48DD;
			remoteInfo = RuntronomeWidgetExtension;
		};
/* End PBXContainerItemProxy section */

/* Begin PBXCopyFilesBuildPhase section */
		E84184E72FE9D037003C48DD /* Embed Foundation Extensions */ = {
			isa = PBXCopyFilesBuildPhase;
			buildActionMask = 2147483647;
			dstPath = "";
			dstSubfolderSpec = 13;
			files = (
				E84184E22FE9D037003C48DD /* RuntronomeWidgetExtension.appex in Embed Foundation Extensions */,
			);
			name = "Embed Foundation Extensions";
			runOnlyForDeploymentPostprocessing = 0;
		};
/* End PBXCopyFilesBuildPhase section */

/* Begin PBXFileReference section */
		E841848A2FE74998003C48DD /* Runtronome.app */ = {isa = PBXFileReference; explicitFileType = wrapper.application; includeInIndex = 0; path = Runtronome.app; sourceTree = BUILT_PRODUCTS_DIR; };
		E84184972FE7499C003C48DD /* RuntronomeTests.xctest */ = {isa = PBXFileReference; explicitFileType = wrapper.cfbundle; includeInIndex = 0; path = RuntronomeTests.xctest; sourceTree = BUILT_PRODUCTS_DIR; };
		E84184A12FE7499C003C48DD /* RuntronomeUITests.xctest */ = {isa = PBXFileReference; explicitFileType = wrapper.cfbundle; includeInIndex = 0; path = RuntronomeUITests.xctest; sourceTree = BUILT_PRODUCTS_DIR; };
		E84184CE2FE9D036003C48DD /* RuntronomeWidgetExtension.appex */ = {isa = PBXFileReference; explicitFileType = "wrapper.app-extension"; includeInIndex = 0; path = RuntronomeWidgetExtension.appex; sourceTree = BUILT_PRODUCTS_DIR; };
		E84184D02FE9D036003C48DD /* WidgetKit.framework */ = {isa = PBXFileReference; lastKnownFileType = wrapper.framework; name = WidgetKit.framework; path = System/Library/Frameworks/WidgetKit.framework; sourceTree = SDKROOT; };
		E84184D22FE9D036003C48DD /* SwiftUI.framework */ = {isa = PBXFileReference; lastKnownFileType = wrapper.framework; name = SwiftUI.framework; path = System/Library/Frameworks/SwiftUI.framework; sourceTree = SDKROOT; };
		E84184E92FE9D0C6003C48DD /* RuntronomeWidgetExtension.entitlements */ = {isa = PBXFileReference; lastKnownFileType = text.plist.entitlements; path = RuntronomeWidgetExtension.entitlements; sourceTree = "<group>"; };
/* End PBXFileReference section */

/* Begin PBXFileSystemSynchronizedBuildFileExceptionSet section */
		E84184E32FE9D037003C48DD /* Exceptions for "RuntronomeWidget" folder in "RuntronomeWidgetExtension" target */ = {
			isa = PBXFileSystemSynchronizedBuildFileExceptionSet;
			membershipExceptions = (
				Info.plist,
			);
			target = E84184CD2FE9D036003C48DD /* RuntronomeWidgetExtension */;
		};
		E84184F62FE9D7F4003C48DD /* Exceptions for "Runtronome" folder in "Runtronome" target */ = {
			isa = PBXFileSystemSynchronizedBuildFileExceptionSet;
			membershipExceptions = (
				Info.plist,
			);
			target = E84184892FE74998003C48DD /* Runtronome */;
		};
		E8AA00012FE9D7F4003C48DD /* Exceptions for "RuntronomeWidget" folder in "Runtronome" target */ = {
			isa = PBXFileSystemSynchronizedBuildFileExceptionSet;
			membershipExceptions = (
				RuntronomeActivityIntents.swift,
			);
			target = E84184892FE74998003C48DD /* Runtronome */;
		};
/* End PBXFileSystemSynchronizedBuildFileExceptionSet section */

/* Begin PBXFileSystemSynchronizedRootGroup section */
		E841848C2FE74998003C48DD /* Runtronome */ = {
			isa = PBXFileSystemSynchronizedRootGroup;
			exceptions = (
				E84184F62FE9D7F4003C48DD /* Exceptions for "Runtronome" folder in "Runtronome" target */,
			);
			path = Runtronome;
			sourceTree = "<group>";
		};
		E841849A2FE7499C003C48DD /* RuntronomeTests */ = {
			isa = PBXFileSystemSynchronizedRootGroup;
			path = RuntronomeTests;
			sourceTree = "<group>";
		};
		E84184A42FE7499C003C48DD /* RuntronomeUITests */ = {
			isa = PBXFileSystemSynchronizedRootGroup;
			path = RuntronomeUITests;
			sourceTree = "<group>";
		};
		E84184D42FE9D036003C48DD /* RuntronomeWidget */ = {
			isa = PBXFileSystemSynchronizedRootGroup;
			exceptions = (
				E84184E32FE9D037003C48DD /* Exceptions for "RuntronomeWidget" folder in "RuntronomeWidgetExtension" target */,
				E8AA00012FE9D7F4003C48DD /* Exceptions for "RuntronomeWidget" folder in "Runtronome" target */,
			);
			path = RuntronomeWidget;
			sourceTree = "<group>";
		};
/* End PBXFileSystemSynchronizedRootGroup section */

/* Begin PBXFrameworksBuildPhase section */
		E84184872FE74998003C48DD /* Frameworks */ = {
			isa = PBXFrameworksBuildPhase;
			buildActionMask = 2147483647;
			files = (
			);
			runOnlyForDeploymentPostprocessing = 0;
		};
		E84184942FE7499C003C48DD /* Frameworks */ = {
			isa = PBXFrameworksBuildPhase;
			buildActionMask = 2147483647;
			files = (
			);
			runOnlyForDeploymentPostprocessing = 0;
		};
		E841849E2FE7499C003C48DD /* Frameworks */ = {
			isa = PBXFrameworksBuildPhase;
			buildActionMask = 2147483647;
			files = (
			);
			runOnlyForDeploymentPostprocessing = 0;
		};
		E84184CB2FE9D036003C48DD /* Frameworks */ = {
			isa = PBXFrameworksBuildPhase;
			buildActionMask = 2147483647;
			files = (
				E84184D32FE9D036003C48DD /* SwiftUI.framework in Frameworks */,
				E84184D12FE9D036003C48DD /* WidgetKit.framework in Frameworks */,
			);
			runOnlyForDeploymentPostprocessing = 0;
		};
/* End PBXFrameworksBuildPhase section */

/* Begin PBXGroup section */
		E84184812FE74998003C48DD = {
			isa = PBXGroup;
			children = (
				E84184E92FE9D0C6003C48DD /* RuntronomeWidgetExtension.entitlements */,
				E841848C2FE74998003C48DD /* Runtronome */,
				E841849A2FE7499C003C48DD /* RuntronomeTests */,
				E84184A42FE7499C003C48DD /* RuntronomeUITests */,
				E84184D42FE9D036003C48DD /* RuntronomeWidget */,
				E84184CF2FE9D036003C48DD /* Frameworks */,
				E841848B2FE74998003C48DD /* Products */,
			);
			sourceTree = "<group>";
		};
		E841848B2FE74998003C48DD /* Products */ = {
			isa = PBXGroup;
			children = (
				E841848A2FE74998003C48DD /* Runtronome.app */,
				E84184972FE7499C003C48DD /* RuntronomeTests.xctest */,
				E84184A12FE7499C003C48DD /* RuntronomeUITests.xctest */,
				E84184CE2FE9D036003C48DD /* RuntronomeWidgetExtension.appex */,
			);
			name = Products;
			sourceTree = "<group>";
		};
		E84184CF2FE9D036003C48DD /* Frameworks */ = {
			isa = PBXGroup;
			children = (
				E84184D02FE9D036003C48DD /* WidgetKit.framework */,
				E84184D22FE9D036003C48DD /* SwiftUI.framework */,
			);
			name = Frameworks;
			sourceTree = "<group>";
		};
/* End PBXGroup section */

/* Begin PBXNativeTarget section */
		E84184892FE74998003C48DD /* Runtronome */ = {
			isa = PBXNativeTarget;
			buildConfigurationList = E84184AB2FE7499C003C48DD /* Build configuration list for PBXNativeTarget "Runtronome" */;
			buildPhases = (
				E84184862FE74998003C48DD /* Sources */,
				E84184872FE74998003C48DD /* Frameworks */,
				E84184882FE74998003C48DD /* Resources */,
				E84184E72FE9D037003C48DD /* Embed Foundation Extensions */,
			);
			buildRules = (
			);
			dependencies = (
				E84184E12FE9D037003C48DD /* PBXTargetDependency */,
			);
			fileSystemSynchronizedGroups = (
				E841848C2FE74998003C48DD /* Runtronome */,
			);
			name = Runtronome;
			packageProductDependencies = (
			);
			productName = Runtronome;
			productReference = E841848A2FE74998003C48DD /* Runtronome.app */;
			productType = "com.apple.product-type.application";
		};
		E84184962FE7499C003C48DD /* RuntronomeTests */ = {
			isa = PBXNativeTarget;
			buildConfigurationList = E84184AE2FE7499C003C48DD /* Build configuration list for PBXNativeTarget "RuntronomeTests" */;
			buildPhases = (
				E84184932FE7499C003C48DD /* Sources */,
				E84184942FE7499C003C48DD /* Frameworks */,
				E84184952FE7499C003C48DD /* Resources */,
			);
			buildRules = (
			);
			dependencies = (
				E84184992FE7499C003C48DD /* PBXTargetDependency */,
			);
			fileSystemSynchronizedGroups = (
				E841849A2FE7499C003C48DD /* RuntronomeTests */,
			);
			name = RuntronomeTests;
			packageProductDependencies = (
			);
			productName = RuntronomeTests;
			productReference = E84184972FE7499C003C48DD /* RuntronomeTests.xctest */;
			productType = "com.apple.product-type.bundle.unit-test";
		};
		E84184A02FE7499C003C48DD /* RuntronomeUITests */ = {
			isa = PBXNativeTarget;
			buildConfigurationList = E84184B12FE7499C003C48DD /* Build configuration list for PBXNativeTarget "RuntronomeUITests" */;
			buildPhases = (
				E841849D2FE7499C003C48DD /* Sources */,
				E841849E2FE7499C003C48DD /* Frameworks */,
				E841849F2FE7499C003C48DD /* Resources */,
			);
			buildRules = (
			);
			dependencies = (
				E84184A32FE7499C003C48DD /* PBXTargetDependency */,
			);
			fileSystemSynchronizedGroups = (
				E84184A42FE7499C003C48DD /* RuntronomeUITests */,
			);
			name = RuntronomeUITests;
			packageProductDependencies = (
			);
			productName = RuntronomeUITests;
			productReference = E84184A12FE7499C003C48DD /* RuntronomeUITests.xctest */;
			productType = "com.apple.product-type.bundle.ui-testing";
		};
		E84184CD2FE9D036003C48DD /* RuntronomeWidgetExtension */ = {
			isa = PBXNativeTarget;
			buildConfigurationList = E84184E42FE9D037003C48DD /* Build configuration list for PBXNativeTarget "RuntronomeWidgetExtension" */;
			buildPhases = (
				E84184CA2FE9D036003C48DD /* Sources */,
				E84184CB2FE9D036003C48DD /* Frameworks */,
				E84184CC2FE9D036003C48DD /* Resources */,
			);
			buildRules = (
			);
			dependencies = (
			);
			fileSystemSynchronizedGroups = (
				E84184D42FE9D036003C48DD /* RuntronomeWidget */,
			);
			name = RuntronomeWidgetExtension;
			packageProductDependencies = (
			);
			productName = RuntronomeWidgetExtension;
			productReference = E84184CE2FE9D036003C48DD /* RuntronomeWidgetExtension.appex */;
			productType = "com.apple.product-type.app-extension";
		};
/* End PBXNativeTarget section */

/* Begin PBXProject section */
		E84184822FE74998003C48DD /* Project object */ = {
			isa = PBXProject;
			attributes = {
				BuildIndependentTargetsInParallel = 1;
				LastSwiftUpdateCheck = 2650;
				LastUpgradeCheck = 2650;
				TargetAttributes = {
					E84184892FE74998003C48DD = {
						CreatedOnToolsVersion = 26.5;
					};
					E84184962FE7499C003C48DD = {
						CreatedOnToolsVersion = 26.5;
						TestTargetID = E84184892FE74998003C48DD;
					};
					E84184A02FE7499C003C48DD = {
						CreatedOnToolsVersion = 26.5;
						TestTargetID = E84184892FE74998003C48DD;
					};
					E84184CD2FE9D036003C48DD = {
						CreatedOnToolsVersion = 26.5;
					};
				};
			};
			buildConfigurationList = E84184852FE74998003C48DD /* Build configuration list for PBXProject "Runtronome" */;
			developmentRegion = en;
			hasScannedForEncodings = 0;
			knownRegions = (
				en,
				Base,
			);
			mainGroup = E84184812FE74998003C48DD;
			minimizedProjectReferenceProxies = 1;
			preferredProjectObjectVersion = 77;
			productRefGroup = E841848B2FE74998003C48DD /* Products */;
			projectDirPath = "";
			projectRoot = "";
			targets = (
				E84184892FE74998003C48DD /* Runtronome */,
				E84184962FE7499C003C48DD /* RuntronomeTests */,
				E84184A02FE7499C003C48DD /* RuntronomeUITests */,
				E84184CD2FE9D036003C48DD /* RuntronomeWidgetExtension */,
			);
		};
/* End PBXProject section */

/* Begin PBXResourcesBuildPhase section */
		E84184882FE74998003C48DD /* Resources */ = {
			isa = PBXResourcesBuildPhase;
			buildActionMask = 2147483647;
			files = (
			);
			runOnlyForDeploymentPostprocessing = 0;
		};
		E84184952FE7499C003C48DD /* Resources */ = {
			isa = PBXResourcesBuildPhase;
			buildActionMask = 2147483647;
			files = (
			);
			runOnlyForDeploymentPostprocessing = 0;
		};
		E841849F2FE7499C003C48DD /* Resources */ = {
			isa = PBXResourcesBuildPhase;
			buildActionMask = 2147483647;
			files = (
			);
			runOnlyForDeploymentPostprocessing = 0;
		};
		E84184CC2FE9D036003C48DD /* Resources */ = {
			isa = PBXResourcesBuildPhase;
			buildActionMask = 2147483647;
			files = (
			);
			runOnlyForDeploymentPostprocessing = 0;
		};
/* End PBXResourcesBuildPhase section */

/* Begin PBXSourcesBuildPhase section */
		E84184862FE74998003C48DD /* Sources */ = {
			isa = PBXSourcesBuildPhase;
			buildActionMask = 2147483647;
			files = (
			);
			runOnlyForDeploymentPostprocessing = 0;
		};
		E84184932FE7499C003C48DD /* Sources */ = {
			isa = PBXSourcesBuildPhase;
			buildActionMask = 2147483647;
			files = (
			);
			runOnlyForDeploymentPostprocessing = 0;
		};
		E841849D2FE7499C003C48DD /* Sources */ = {
			isa = PBXSourcesBuildPhase;
			buildActionMask = 2147483647;
			files = (
			);
			runOnlyForDeploymentPostprocessing = 0;
		};
		E84184CA2FE9D036003C48DD /* Sources */ = {
			isa = PBXSourcesBuildPhase;
			buildActionMask = 2147483647;
			files = (
			);
			runOnlyForDeploymentPostprocessing = 0;
		};
/* End PBXSourcesBuildPhase section */

/* Begin PBXTargetDependency section */
		E84184992FE7499C003C48DD /* PBXTargetDependency */ = {
			isa = PBXTargetDependency;
			target = E84184892FE74998003C48DD /* Runtronome */;
			targetProxy = E84184982FE7499C003C48DD /* PBXContainerItemProxy */;
		};
		E84184A32FE7499C003C48DD /* PBXTargetDependency */ = {
			isa = PBXTargetDependency;
			target = E84184892FE74998003C48DD /* Runtronome */;
			targetProxy = E84184A22FE7499C003C48DD /* PBXContainerItemProxy */;
		};
		E84184E12FE9D037003C48DD /* PBXTargetDependency */ = {
			isa = PBXTargetDependency;
			target = E84184CD2FE9D036003C48DD /* RuntronomeWidgetExtension */;
			targetProxy = E84184E02FE9D037003C48DD /* PBXContainerItemProxy */;
		};
/* End PBXTargetDependency section */

/* Begin XCBuildConfiguration section */
		E84184A92FE7499C003C48DD /* Debug */ = {
			isa = XCBuildConfiguration;
			buildSettings = {
				ALWAYS_SEARCH_USER_PATHS = NO;
				ASSETCATALOG_COMPILER_GENERATE_SWIFT_ASSET_SYMBOL_EXTENSIONS = YES;
				CLANG_ANALYZER_NONNULL = YES;
				CLANG_ANALYZER_NUMBER_OBJECT_CONVERSION = YES_AGGRESSIVE;
				CLANG_CXX_LANGUAGE_STANDARD = "gnu++20";
				CLANG_ENABLE_MODULES = YES;
				CLANG_ENABLE_OBJC_ARC = YES;
				CLANG_ENABLE_OBJC_WEAK = YES;
				CLANG_WARN_BLOCK_CAPTURE_AUTORELEASING = YES;
				CLANG_WARN_BOOL_CONVERSION = YES;
				CLANG_WARN_COMMA = YES;
				CLANG_WARN_CONSTANT_CONVERSION = YES;
				CLANG_WARN_DEPRECATED_OBJC_IMPLEMENTATIONS = YES;
				CLANG_WARN_DIRECT_OBJC_ISA_USAGE = YES_ERROR;
				CLANG_WARN_DOCUMENTATION_COMMENTS = YES;
				CLANG_WARN_EMPTY_BODY = YES;
				CLANG_WARN_ENUM_CONVERSION = YES;
				CLANG_WARN_INFINITE_RECURSION = YES;
				CLANG_WARN_INT_CONVERSION = YES;
				CLANG_WARN_NON_LITERAL_NULL_CONVERSION = YES;
				CLANG_WARN_OBJC_IMPLICIT_RETAIN_SELF = YES;
				CLANG_WARN_OBJC_LITERAL_CONVERSION = YES;
				CLANG_WARN_OBJC_ROOT_CLASS = YES_ERROR;
				CLANG_WARN_QUOTED_INCLUDE_IN_FRAMEWORK_HEADER = YES;
				CLANG_WARN_RANGE_LOOP_ANALYSIS = YES;
				CLANG_WARN_STRICT_PROTOTYPES = YES;
				CLANG_WARN_SUSPICIOUS_MOVE = YES;
				CLANG_WARN_UNGUARDED_AVAILABILITY = YES_AGGRESSIVE;
				CLANG_WARN_UNREACHABLE_CODE = YES;
				CLANG_WARN__DUPLICATE_METHOD_MATCH = YES;
				COPY_PHASE_STRIP = NO;
				DEBUG_INFORMATION_FORMAT = dwarf;
				DEVELOPMENT_TEAM = QLXB6T6X9W;
				ENABLE_STRICT_OBJC_MSGSEND = YES;
				ENABLE_TESTABILITY = YES;
				ENABLE_USER_SCRIPT_SANDBOXING = YES;
				GCC_C_LANGUAGE_STANDARD = gnu17;
				GCC_DYNAMIC_NO_PIC = NO;
				GCC_NO_COMMON_BLOCKS = YES;
				GCC_OPTIMIZATION_LEVEL = 0;
				GCC_PREPROCESSOR_DEFINITIONS = (
					"DEBUG=1",
					"$(inherited)",
				);
				GCC_WARN_64_TO_32_BIT_CONVERSION = YES;
				GCC_WARN_ABOUT_RETURN_TYPE = YES_ERROR;
				GCC_WARN_UNDECLARED_SELECTOR = YES;
				GCC_WARN_UNINITIALIZED_AUTOS = YES_AGGRESSIVE;
				GCC_WARN_UNUSED_FUNCTION = YES;
				GCC_WARN_UNUSED_VARIABLE = YES;
				IPHONEOS_DEPLOYMENT_TARGET = 26.5;
				LOCALIZATION_PREFERS_STRING_CATALOGS = YES;
				MTL_ENABLE_DEBUG_INFO = INCLUDE_SOURCE;
				MTL_FAST_MATH = YES;
				ONLY_ACTIVE_ARCH = YES;
				SDKROOT = iphoneos;
				SWIFT_ACTIVE_COMPILATION_CONDITIONS = "DEBUG $(inherited)";
				SWIFT_OPTIMIZATION_LEVEL = "-Onone";
			};
			name = Debug;
		};
		E84184AA2FE7499C003C48DD /* Release */ = {
			isa = XCBuildConfiguration;
			buildSettings = {
				ALWAYS_SEARCH_USER_PATHS = NO;
				ASSETCATALOG_COMPILER_GENERATE_SWIFT_ASSET_SYMBOL_EXTENSIONS = YES;
				CLANG_ANALYZER_NONNULL = YES;
				CLANG_ANALYZER_NUMBER_OBJECT_CONVERSION = YES_AGGRESSIVE;
				CLANG_CXX_LANGUAGE_STANDARD = "gnu++20";
				CLANG_ENABLE_MODULES = YES;
				CLANG_ENABLE_OBJC_ARC = YES;
				CLANG_ENABLE_OBJC_WEAK = YES;
				CLANG_WARN_BLOCK_CAPTURE_AUTORELEASING = YES;
				CLANG_WARN_BOOL_CONVERSION = YES;
				CLANG_WARN_COMMA = YES;
				CLANG_WARN_CONSTANT_CONVERSION = YES;
				CLANG_WARN_DEPRECATED_OBJC_IMPLEMENTATIONS = YES;
				CLANG_WARN_DIRECT_OBJC_ISA_USAGE = YES_ERROR;
				CLANG_WARN_DOCUMENTATION_COMMENTS = YES;
				CLANG_WARN_EMPTY_BODY = YES;
				CLANG_WARN_ENUM_CONVERSION = YES;
				CLANG_WARN_INFINITE_RECURSION = YES;
				CLANG_WARN_INT_CONVERSION = YES;
				CLANG_WARN_NON_LITERAL_NULL_CONVERSION = YES;
				CLANG_WARN_OBJC_IMPLICIT_RETAIN_SELF = YES;
				CLANG_WARN_OBJC_LITERAL_CONVERSION = YES;
				CLANG_WARN_OBJC_ROOT_CLASS = YES_ERROR;
				CLANG_WARN_QUOTED_INCLUDE_IN_FRAMEWORK_HEADER = YES;
				CLANG_WARN_RANGE_LOOP_ANALYSIS = YES;
				CLANG_WARN_STRICT_PROTOTYPES = YES;
				CLANG_WARN_SUSPICIOUS_MOVE = YES;
				CLANG_WARN_UNGUARDED_AVAILABILITY = YES_AGGRESSIVE;
				CLANG_WARN_UNREACHABLE_CODE = YES;
				CLANG_WARN__DUPLICATE_METHOD_MATCH = YES;
				COPY_PHASE_STRIP = NO;
				DEBUG_INFORMATION_FORMAT = "dwarf-with-dsym";
				DEVELOPMENT_TEAM = QLXB6T6X9W;
				ENABLE_NS_ASSERTIONS = NO;
				ENABLE_STRICT_OBJC_MSGSEND = YES;
				ENABLE_USER_SCRIPT_SANDBOXING = YES;
				GCC_C_LANGUAGE_STANDARD = gnu17;
				GCC_NO_COMMON_BLOCKS = YES;
				GCC_WARN_64_TO_32_BIT_CONVERSION = YES;
				GCC_WARN_ABOUT_RETURN_TYPE = YES_ERROR;
				GCC_WARN_UNDECLARED_SELECTOR = YES;
				GCC_WARN_UNINITIALIZED_AUTOS = YES_AGGRESSIVE;
				GCC_WARN_UNUSED_FUNCTION = YES;
				GCC_WARN_UNUSED_VARIABLE = YES;
				IPHONEOS_DEPLOYMENT_TARGET = 26.5;
				LOCALIZATION_PREFERS_STRING_CATALOGS = YES;
				MTL_ENABLE_DEBUG_INFO = NO;
				MTL_FAST_MATH = YES;
				SDKROOT = iphoneos;
				SWIFT_COMPILATION_MODE = wholemodule;
				VALIDATE_PRODUCT = YES;
			};
			name = Release;
		};
		E84184AC2FE7499C003C48DD /* Debug */ = {
			isa = XCBuildConfiguration;
			buildSettings = {
				ASSETCATALOG_COMPILER_APPICON_NAME = AppIcon;
				ASSETCATALOG_COMPILER_GLOBAL_ACCENT_COLOR_NAME = AccentColor;
				CODE_SIGN_ENTITLEMENTS = Runtronome/Runtronome.entitlements;
				CODE_SIGN_STYLE = Automatic;
				CURRENT_PROJECT_VERSION = 1;
				DEVELOPMENT_TEAM = QLXB6T6X9W;
				ENABLE_PREVIEWS = YES;
				GENERATE_INFOPLIST_FILE = YES;
				INFOPLIST_FILE = Runtronome/Info.plist;
				INFOPLIST_KEY_NSLocationWhenInUseUsageDescription = "Runtronome uses your location to show your city and weather.";
				INFOPLIST_KEY_NSSupportsLiveActivities = YES;
				INFOPLIST_KEY_UIApplicationSceneManifest_Generation = YES;
				INFOPLIST_KEY_UIApplicationSupportsIndirectInputEvents = YES;
				INFOPLIST_KEY_UILaunchScreen_Generation = YES;
				INFOPLIST_KEY_UISupportedInterfaceOrientations_iPad = "UIInterfaceOrientationPortrait UIInterfaceOrientationPortraitUpsideDown UIInterfaceOrientationLandscapeLeft UIInterfaceOrientationLandscapeRight";
				INFOPLIST_KEY_UISupportedInterfaceOrientations_iPhone = "UIInterfaceOrientationPortrait UIInterfaceOrientationLandscapeLeft UIInterfaceOrientationLandscapeRight";
				LD_RUNPATH_SEARCH_PATHS = (
					"$(inherited)",
					"@executable_path/Frameworks",
				);
				MARKETING_VERSION = 1.0;
				PRODUCT_BUNDLE_IDENTIFIER = test.Runtronome;
				PRODUCT_NAME = "$(TARGET_NAME)";
				STRING_CATALOG_GENERATE_SYMBOLS = YES;
				SWIFT_APPROACHABLE_CONCURRENCY = YES;
				SWIFT_DEFAULT_ACTOR_ISOLATION = MainActor;
				SWIFT_EMIT_LOC_STRINGS = YES;
				SWIFT_UPCOMING_FEATURE_MEMBER_IMPORT_VISIBILITY = YES;
				SWIFT_VERSION = 5.0;
				TARGETED_DEVICE_FAMILY = "1,2";
			};
			name = Debug;
		};
		E84184AD2FE7499C003C48DD /* Release */ = {
			isa = XCBuildConfiguration;
			buildSettings = {
				ASSETCATALOG_COMPILER_APPICON_NAME = AppIcon;
				ASSETCATALOG_COMPILER_GLOBAL_ACCENT_COLOR_NAME = AccentColor;
				CODE_SIGN_ENTITLEMENTS = Runtronome/Runtronome.entitlements;
				CODE_SIGN_STYLE = Automatic;
				CURRENT_PROJECT_VERSION = 1;
				DEVELOPMENT_TEAM = QLXB6T6X9W;
				ENABLE_PREVIEWS = YES;
				GENERATE_INFOPLIST_FILE = YES;
				INFOPLIST_FILE = Runtronome/Info.plist;
				INFOPLIST_KEY_NSLocationWhenInUseUsageDescription = "Runtronome uses your location to show your city and weather.";
				INFOPLIST_KEY_NSSupportsLiveActivities = YES;
				INFOPLIST_KEY_UIApplicationSceneManifest_Generation = YES;
				INFOPLIST_KEY_UIApplicationSupportsIndirectInputEvents = YES;
				INFOPLIST_KEY_UILaunchScreen_Generation = YES;
				INFOPLIST_KEY_UISupportedInterfaceOrientations_iPad = "UIInterfaceOrientationPortrait UIInterfaceOrientationPortraitUpsideDown UIInterfaceOrientationLandscapeLeft UIInterfaceOrientationLandscapeRight";
				INFOPLIST_KEY_UISupportedInterfaceOrientations_iPhone = "UIInterfaceOrientationPortrait UIInterfaceOrientationLandscapeLeft UIInterfaceOrientationLandscapeRight";
				LD_RUNPATH_SEARCH_PATHS = (
					"$(inherited)",
					"@executable_path/Frameworks",
				);
				MARKETING_VERSION = 1.0;
				PRODUCT_BUNDLE_IDENTIFIER = test.Runtronome;
				PRODUCT_NAME = "$(TARGET_NAME)";
				STRING_CATALOG_GENERATE_SYMBOLS = YES;
				SWIFT_APPROACHABLE_CONCURRENCY = YES;
				SWIFT_DEFAULT_ACTOR_ISOLATION = MainActor;
				SWIFT_EMIT_LOC_STRINGS = YES;
				SWIFT_UPCOMING_FEATURE_MEMBER_IMPORT_VISIBILITY = YES;
				SWIFT_VERSION = 5.0;
				TARGETED_DEVICE_FAMILY = "1,2";
			};
			name = Release;
		};
		E84184AF2FE7499C003C48DD /* Debug */ = {
			isa = XCBuildConfiguration;
			buildSettings = {
				BUNDLE_LOADER = "$(TEST_HOST)";
				CODE_SIGN_STYLE = Automatic;
				CURRENT_PROJECT_VERSION = 1;
				DEVELOPMENT_TEAM = QLXB6T6X9W;
				GENERATE_INFOPLIST_FILE = YES;
				IPHONEOS_DEPLOYMENT_TARGET = 26.5;
				MARKETING_VERSION = 1.0;
				PRODUCT_BUNDLE_IDENTIFIER = test.RuntronomeTests;
				PRODUCT_NAME = "$(TARGET_NAME)";
				STRING_CATALOG_GENERATE_SYMBOLS = NO;
				SWIFT_APPROACHABLE_CONCURRENCY = YES;
				SWIFT_EMIT_LOC_STRINGS = NO;
				SWIFT_UPCOMING_FEATURE_MEMBER_IMPORT_VISIBILITY = YES;
				SWIFT_VERSION = 5.0;
				TARGETED_DEVICE_FAMILY = "1,2";
				TEST_HOST = "$(BUILT_PRODUCTS_DIR)/Runtronome.app/$(BUNDLE_EXECUTABLE_FOLDER_PATH)/Runtronome";
			};
			name = Debug;
		};
		E84184B02FE7499C003C48DD /* Release */ = {
			isa = XCBuildConfiguration;
			buildSettings = {
				BUNDLE_LOADER = "$(TEST_HOST)";
				CODE_SIGN_STYLE = Automatic;
				CURRENT_PROJECT_VERSION = 1;
				DEVELOPMENT_TEAM = QLXB6T6X9W;
				GENERATE_INFOPLIST_FILE = YES;
				IPHONEOS_DEPLOYMENT_TARGET = 26.5;
				MARKETING_VERSION = 1.0;
				PRODUCT_BUNDLE_IDENTIFIER = test.RuntronomeTests;
				PRODUCT_NAME = "$(TARGET_NAME)";
				STRING_CATALOG_GENERATE_SYMBOLS = NO;
				SWIFT_APPROACHABLE_CONCURRENCY = YES;
				SWIFT_EMIT_LOC_STRINGS = NO;
				SWIFT_UPCOMING_FEATURE_MEMBER_IMPORT_VISIBILITY = YES;
				SWIFT_VERSION = 5.0;
				TARGETED_DEVICE_FAMILY = "1,2";
				TEST_HOST = "$(BUILT_PRODUCTS_DIR)/Runtronome.app/$(BUNDLE_EXECUTABLE_FOLDER_PATH)/Runtronome";
			};
			name = Release;
		};
		E84184B22FE7499C003C48DD /* Debug */ = {
			isa = XCBuildConfiguration;
			buildSettings = {
				CODE_SIGN_STYLE = Automatic;
				CURRENT_PROJECT_VERSION = 1;
				DEVELOPMENT_TEAM = QLXB6T6X9W;
				GENERATE_INFOPLIST_FILE = YES;
				MARKETING_VERSION = 1.0;
				PRODUCT_BUNDLE_IDENTIFIER = test.RuntronomeUITests;
				PRODUCT_NAME = "$(TARGET_NAME)";
				STRING_CATALOG_GENERATE_SYMBOLS = NO;
				SWIFT_APPROACHABLE_CONCURRENCY = YES;
				SWIFT_EMIT_LOC_STRINGS = NO;
				SWIFT_UPCOMING_FEATURE_MEMBER_IMPORT_VISIBILITY = YES;
				SWIFT_VERSION = 5.0;
				TARGETED_DEVICE_FAMILY = "1,2";
				TEST_TARGET_NAME = Runtronome;
			};
			name = Debug;
		};
		E84184B32FE7499C003C48DD /* Release */ = {
			isa = XCBuildConfiguration;
			buildSettings = {
				CODE_SIGN_STYLE = Automatic;
				CURRENT_PROJECT_VERSION = 1;
				DEVELOPMENT_TEAM = QLXB6T6X9W;
				GENERATE_INFOPLIST_FILE = YES;
				MARKETING_VERSION = 1.0;
				PRODUCT_BUNDLE_IDENTIFIER = test.RuntronomeUITests;
				PRODUCT_NAME = "$(TARGET_NAME)";
				STRING_CATALOG_GENERATE_SYMBOLS = NO;
				SWIFT_APPROACHABLE_CONCURRENCY = YES;
				SWIFT_EMIT_LOC_STRINGS = NO;
				SWIFT_UPCOMING_FEATURE_MEMBER_IMPORT_VISIBILITY = YES;
				SWIFT_VERSION = 5.0;
				TARGETED_DEVICE_FAMILY = "1,2";
				TEST_TARGET_NAME = Runtronome;
			};
			name = Release;
		};
		E84184E52FE9D037003C48DD /* Debug */ = {
			isa = XCBuildConfiguration;
			buildSettings = {
				ASSETCATALOG_COMPILER_GLOBAL_ACCENT_COLOR_NAME = AccentColor;
				ASSETCATALOG_COMPILER_WIDGET_BACKGROUND_COLOR_NAME = WidgetBackground;
				CODE_SIGN_ENTITLEMENTS = RuntronomeWidgetExtension.entitlements;
				CODE_SIGN_STYLE = Automatic;
				CURRENT_PROJECT_VERSION = 1;
				DEVELOPMENT_TEAM = QLXB6T6X9W;
				GENERATE_INFOPLIST_FILE = YES;
				INFOPLIST_FILE = RuntronomeWidget/Info.plist;
				INFOPLIST_KEY_CFBundleDisplayName = RuntronomeWidget;
				INFOPLIST_KEY_NSHumanReadableCopyright = "";
				LD_RUNPATH_SEARCH_PATHS = (
					"$(inherited)",
					"@executable_path/Frameworks",
					"@executable_path/../../Frameworks",
				);
				MARKETING_VERSION = 1.0;
				PRODUCT_BUNDLE_IDENTIFIER = test.Runtronome.RuntronomeWidget;
				PRODUCT_NAME = "$(TARGET_NAME)";
				SKIP_INSTALL = YES;
				STRING_CATALOG_GENERATE_SYMBOLS = YES;
				SWIFT_APPROACHABLE_CONCURRENCY = YES;
				SWIFT_EMIT_LOC_STRINGS = YES;
				SWIFT_UPCOMING_FEATURE_MEMBER_IMPORT_VISIBILITY = YES;
				SWIFT_VERSION = 5.0;
				TARGETED_DEVICE_FAMILY = "1,2";
			};
			name = Debug;
		};
		E84184E62FE9D037003C48DD /* Release */ = {
			isa = XCBuildConfiguration;
			buildSettings = {
				ASSETCATALOG_COMPILER_GLOBAL_ACCENT_COLOR_NAME = AccentColor;
				ASSETCATALOG_COMPILER_WIDGET_BACKGROUND_COLOR_NAME = WidgetBackground;
				CODE_SIGN_ENTITLEMENTS = RuntronomeWidgetExtension.entitlements;
				CODE_SIGN_STYLE = Automatic;
				CURRENT_PROJECT_VERSION = 1;
				DEVELOPMENT_TEAM = QLXB6T6X9W;
				GENERATE_INFOPLIST_FILE = YES;
				INFOPLIST_FILE = RuntronomeWidget/Info.plist;
				INFOPLIST_KEY_CFBundleDisplayName = RuntronomeWidget;
				INFOPLIST_KEY_NSHumanReadableCopyright = "";
				LD_RUNPATH_SEARCH_PATHS = (
					"$(inherited)",
					"@executable_path/Frameworks",
					"@executable_path/../../Frameworks",
				);
				MARKETING_VERSION = 1.0;
				PRODUCT_BUNDLE_IDENTIFIER = test.Runtronome.RuntronomeWidget;
				PRODUCT_NAME = "$(TARGET_NAME)";
				SKIP_INSTALL = YES;
				STRING_CATALOG_GENERATE_SYMBOLS = YES;
				SWIFT_APPROACHABLE_CONCURRENCY = YES;
				SWIFT_EMIT_LOC_STRINGS = YES;
				SWIFT_UPCOMING_FEATURE_MEMBER_IMPORT_VISIBILITY = YES;
				SWIFT_VERSION = 5.0;
				TARGETED_DEVICE_FAMILY = "1,2";
			};
			name = Release;
		};
/* End XCBuildConfiguration section */

/* Begin XCConfigurationList section */
		E84184852FE74998003C48DD /* Build configuration list for PBXProject "Runtronome" */ = {
			isa = XCConfigurationList;
			buildConfigurations = (
				E84184A92FE7499C003C48DD /* Debug */,
				E84184AA2FE7499C003C48DD /* Release */,
			);
			defaultConfigurationIsVisible = 0;
			defaultConfigurationName = Release;
		};
		E84184AB2FE7499C003C48DD /* Build configuration list for PBXNativeTarget "Runtronome" */ = {
			isa = XCConfigurationList;
			buildConfigurations = (
				E84184AC2FE7499C003C48DD /* Debug */,
				E84184AD2FE7499C003C48DD /* Release */,
			);
			defaultConfigurationIsVisible = 0;
			defaultConfigurationName = Release;
		};
		E84184AE2FE7499C003C48DD /* Build configuration list for PBXNativeTarget "RuntronomeTests" */ = {
			isa = XCConfigurationList;
			buildConfigurations = (
				E84184AF2FE7499C003C48DD /* Debug */,
				E84184B02FE7499C003C48DD /* Release */,
			);
			defaultConfigurationIsVisible = 0;
			defaultConfigurationName = Release;
		};
		E84184B12FE7499C003C48DD /* Build configuration list for PBXNativeTarget "RuntronomeUITests" */ = {
			isa = XCConfigurationList;
			buildConfigurations = (
				E84184B22FE7499C003C48DD /* Debug */,
				E84184B32FE7499C003C48DD /* Release */,
			);
			defaultConfigurationIsVisible = 0;
			defaultConfigurationName = Release;
		};
		E84184E42FE9D037003C48DD /* Build configuration list for PBXNativeTarget "RuntronomeWidgetExtension" */ = {
			isa = XCConfigurationList;
			buildConfigurations = (
				E84184E52FE9D037003C48DD /* Debug */,
				E84184E62FE9D037003C48DD /* Release */,
			);
			defaultConfigurationIsVisible = 0;
			defaultConfigurationName = Release;
		};
/* End XCConfigurationList section */
	};
	rootObject = E84184822FE74998003C48DD /* Project object */;
}
